// !$*UTF8*$!
{
	archiveVersion = 1;
	classes = {
	};
	objectVersion = 48;
	objects = {

/* Begin PBXFileReference section */
		697D1E312024C05D003BBF45 /* README.md */ = {isa = PBXFileReference; lastKnownFileType = net.daringfireball.markdown; path = README.md; sourceTree = "<group>"; };
/* End PBXFileReference section */

/* Begin PBXGroup section */
		0E921B442024AE8D00D85D72 = {
			isa = PBXGroup;
			children = (
				697D1E312024C05D003BBF45 /* README.md */,
			);
			sourceTree = "<group>";
		};
/* End PBXGroup section */

/* Begin PBXProject section */
		0E921B452024AE8D00D85D72 /* Project object */ = {
			isa = PBXProject;
			attributes = {
				LastUpgradeCheck = 0920;
			};
			buildConfigurationList = 0E921B482024AE8D00D85D72 /* Build configuration list for PBXProject "CSLC2018" */;
			compatibilityVersion = "Xcode 8.0";
			developmentRegion = en;
			hasScannedForEncodings = 0;
			knownRegions = (
				en,
			);
			mainGroup = 0E921B442024AE8D00D85D72;
			projectDirPath = "";
			projectRoot = "";
			targets = (
			);
		};
/* End PBXProject section */

/* Begin XCBuildConfiguration section */
		0E921B492024AE8D00D85D72 /* Debug */ = {
			isa = XCBuildConfiguration;
			buildSettings = {
			};
			name = Debug;
		};
		0E921B4A2024AE8D00D85D72 /* Release */ = {
			isa = XCBuildConfiguration;
			buildSettings = {
			};
			name = Release;
		};
/* End XCBuildConfiguration section */

/* Begin XCConfigurationList section */
		0E921B482024AE8D00D85D72 /* Build configuration list for PBXProject "CSLC2018" */ = {
			isa = XCConfigurationList;
			buildConfigurations = (
				0E921B492024AE8D00D85D72 /* Debug */,
				0E921B4A2024AE8D00D85D72 /* Release */,
			);
			defaultConfigurationIsVisible = 0;
			defaultConfigurationName = Release;
		};
/* End XCConfigurationList section */
	};
	rootObject = 0E921B452024AE8D00D85D72 /* Project object */;
}
